
Microsoft Visual Studio Solution File, Format Version 12.00
# Visual Studio 15
VisualStudioVersion = 15.0.28307.852
MinimumVisualStudioVersion = 10.0.40219.1
Project("{FAE04EC0-301F-11D3-BF4B-00C04F79EFBC}") = "RegistrationAndLogin", "RegistrationAndLogin\RegistrationAndLogin.csproj", "{FEBEBFFE-DC39-4E87-B178-A15447D457D9}"
EndProject
Global
	GlobalSection(SolutionConfigurationPlatforms) = preSolution
		Debug|Any CPU = Debug|Any CPU
		Release|Any CPU = Release|Any CPU
	EndGlobalSection
	GlobalSection(ProjectConfigurationPlatforms) = postSolution
		{FEBEBFFE-DC39-4E87-B178-A15447D457D9}.Debug|Any CPU.ActiveCfg = Debug|Any CPU
		{FEBEBFFE-DC39-4E87-B178-A15447D457D9}.Debug|Any CPU.Build.0 = Debug|Any CPU
		{FEBEBFFE-DC39-4E87-B178-A15447D457D9}.Release|Any CPU.ActiveCfg = Release|Any CPU
		{FEBEBFFE-DC39-4E87-B178-A15447D457D9}.Release|Any CPU.Build.0 = Release|Any CPU
	EndGlobalSection
	GlobalSection(SolutionProperties) = preSolution
		HideSolutionNode = FALSE
	EndGlobalSection
	GlobalSection(ExtensibilityGlobals) = postSolution
		SolutionGuid = {693CD917-E8A4-4AD0-AC4D-9AD1936255AC}
	EndGlobalSection
EndGlobal
